Microsoft Visual Studio Solution File, Format Version 12.00
# Visual Studio Version 17
VisualStudioVersion = 17.5.2.0
MinimumVisualStudioVersion = 10.0.40219.1
Project("{FAE04EC0-301F-11D3-BF4B-00C04F79EFBC}") = "ShawiQuest", "ShawiQuest.csproj", "{967FFC3D-B9F4-3A15-7B99-A5D64D16B98A}"
EndProject
Global
	GlobalSection(SolutionConfigurationPlatforms) = preSolution
		Debug|Any CPU = Debug|Any CPU
		Release|Any CPU = Release|Any CPU
	EndGlobalSection
	GlobalSection(ProjectConfigurationPlatforms) = postSolution
		{967FFC3D-B9F4-3A15-7B99-A5D64D16B98A}.Debug|Any CPU.ActiveCfg = Debug|Any CPU
		{967FFC3D-B9F4-3A15-7B99-A5D64D16B98A}.Debug|Any CPU.Build.0 = Debug|Any CPU
		{967FFC3D-B9F4-3A15-7B99-A5D64D16B98A}.Release|Any CPU.ActiveCfg = Release|Any CPU
		{967FFC3D-B9F4-3A15-7B99-A5D64D16B98A}.Release|Any CPU.Build.0 = Release|Any CPU
	EndGlobalSection
	GlobalSection(SolutionProperties) = preSolution
		HideSolutionNode = FALSE
	EndGlobalSection
	GlobalSection(ExtensibilityGlobals) = postSolution
		SolutionGuid = {3096CFCD-D221-448F-BA5D-028AEA1DD3E3}
	EndGlobalSection
EndGlobal
